Microsoft Visual Studio Solution File, Format Version 12.00
# Visual Studio 2012
Project("{FAE04EC0-301F-11D3-BF4B-00C04F79EFBC}") = "WallTest", "WallTest.csproj", "{15CA26F9-EF88-4E71-97D5-1ABC0C8AD9D2}"
EndProject
Global
	GlobalSection(SolutionConfigurationPlatforms) = preSolution
	Debug|Any CPU = Debug|Any CPU
	Release|Any CPU = Release|Any CPU
	Tools|Any CPU = Tools|Any CPU
	EndGlobalSection
	GlobalSection(ProjectConfigurationPlatforms) = postSolution
		{15CA26F9-EF88-4E71-97D5-1ABC0C8AD9D2}.Debug|Any CPU.ActiveCfg = Debug|Any CPU
		{15CA26F9-EF88-4E71-97D5-1ABC0C8AD9D2}.Debug|Any CPU.Build.0 = Debug|Any CPU
		{15CA26F9-EF88-4E71-97D5-1ABC0C8AD9D2}.Release|Any CPU.ActiveCfg = Release|Any CPU
		{15CA26F9-EF88-4E71-97D5-1ABC0C8AD9D2}.Release|Any CPU.Build.0 = Release|Any CPU
		{15CA26F9-EF88-4E71-97D5-1ABC0C8AD9D2}.Tools|Any CPU.ActiveCfg = Tools|Any CPU
		{15CA26F9-EF88-4E71-97D5-1ABC0C8AD9D2}.Tools|Any CPU.Build.0 = Tools|Any CPU
	EndGlobalSection
EndGlobal
